
Microsoft Visual Studio Solution File, Format Version 12.00
# Visual Studio Version 16
VisualStudioVersion = 16.0.30204.135
MinimumVisualStudioVersion = 10.0.40219.1
Project("{FAE04EC0-301F-11D3-BF4B-00C04F79EFBC}") = "DI.LifeTimes.WebApp", "DI.LifeTimes.WebApp\DI.LifeTimes.WebApp.csproj", "{FA7E9F38-F8FF-4DD8-B596-FC9337300B09}"
EndProject
Global
	GlobalSection(SolutionConfigurationPlatforms) = preSolution
		Debug|Any CPU = Debug|Any CPU
		Release|Any CPU = Release|Any CPU
	EndGlobalSection
	GlobalSection(ProjectConfigurationPlatforms) = postSolution
		{FA7E9F38-F8FF-4DD8-B596-FC9337300B09}.Debug|Any CPU.ActiveCfg = Debug|Any CPU
		{FA7E9F38-F8FF-4DD8-B596-FC9337300B09}.Debug|Any CPU.Build.0 = Debug|Any CPU
		{FA7E9F38-F8FF-4DD8-B596-FC9337300B09}.Release|Any CPU.ActiveCfg = Release|Any CPU
		{FA7E9F38-F8FF-4DD8-B596-FC9337300B09}.Release|Any CPU.Build.0 = Release|Any CPU
	EndGlobalSection
	GlobalSection(SolutionProperties) = preSolution
		HideSolutionNode = FALSE
	EndGlobalSection
	GlobalSection(ExtensibilityGlobals) = postSolution
		SolutionGuid = {A9196F34-3E46-424C-835D-9F36516FA57B}
	EndGlobalSection
EndGlobal
